
Microsoft Visual Studio Solution File, Format Version 12.00
# Visual Studio Version 16
VisualStudioVersion = 16.0.30907.101
MinimumVisualStudioVersion = 10.0.40219.1
Project("{9A19103F-16F7-4668-BE54-9A1E7A4F7556}") = "KampIntro", "KampIntro\KampIntro.csproj", "{593685AC-AD61-4572-BBB9-30BB3AC0197B}"
EndProject
Project("{9A19103F-16F7-4668-BE54-9A1E7A4F7556}") = "Donguler", "Donguler\Donguler.csproj", "{54689633-8D7C-4D9C-95B3-74F0252572BF}"
EndProject
Project("{9A19103F-16F7-4668-BE54-9A1E7A4F7556}") = "ClassIntro", "ClassIntro\ClassIntro.csproj", "{49F17E72-B3D5-4114-A23C-8727FE8E0733}"
EndProject
Project("{FAE04EC0-301F-11D3-BF4B-00C04F79EFBC}") = "Metotlar", "Metotlar\Metotlar.csproj", "{2AF4D589-8353-4716-B518-CD6D86B12F71}"
EndProject
Project("{FAE04EC0-301F-11D3-BF4B-00C04F79EFBC}") = "Matematik", "Matematik\Matematik.csproj", "{216F2A2F-73B7-49B3-85EE-A1B29C45196A}"
EndProject
Project("{FAE04EC0-301F-11D3-BF4B-00C04F79EFBC}") = "DegerVeReferansTipler", "DegerVeReferansTipler\DegerVeReferansTipler.csproj", "{31748D6B-30BF-462B-887E-CE11EBB9363B}"
EndProject
Global
	GlobalSection(SolutionConfigurationPlatforms) = preSolution
		Debug|Any CPU = Debug|Any CPU
		Release|Any CPU = Release|Any CPU
	EndGlobalSection
	GlobalSection(ProjectConfigurationPlatforms) = postSolution
		{593685AC-AD61-4572-BBB9-30BB3AC0197B}.Debug|Any CPU.ActiveCfg = Debug|Any CPU
		{593685AC-AD61-4572-BBB9-30BB3AC0197B}.Debug|Any CPU.Build.0 = Debug|Any CPU
		{593685AC-AD61-4572-BBB9-30BB3AC0197B}.Release|Any CPU.ActiveCfg = Release|Any CPU
		{593685AC-AD61-4572-BBB9-30BB3AC0197B}.Release|Any CPU.Build.0 = Release|Any CPU
		{54689633-8D7C-4D9C-95B3-74F0252572BF}.Debug|Any CPU.ActiveCfg = Debug|Any CPU
		{54689633-8D7C-4D9C-95B3-74F0252572BF}.Debug|Any CPU.Build.0 = Debug|Any CPU
		{54689633-8D7C-4D9C-95B3-74F0252572BF}.Release|Any CPU.ActiveCfg = Release|Any CPU
		{54689633-8D7C-4D9C-95B3-74F0252572BF}.Release|Any CPU.Build.0 = Release|Any CPU
		{49F17E72-B3D5-4114-A23C-8727FE8E0733}.Debug|Any CPU.ActiveCfg = Debug|Any CPU
		{49F17E72-B3D5-4114-A23C-8727FE8E0733}.Debug|Any CPU.Build.0 = Debug|Any CPU
		{49F17E72-B3D5-4114-A23C-8727FE8E0733}.Release|Any CPU.ActiveCfg = Release|Any CPU
		{49F17E72-B3D5-4114-A23C-8727FE8E0733}.Release|Any CPU.Build.0 = Release|Any CPU
		{2AF4D589-8353-4716-B518-CD6D86B12F71}.Debug|Any CPU.ActiveCfg = Debug|Any CPU
		{2AF4D589-8353-4716-B518-CD6D86B12F71}.Debug|Any CPU.Build.0 = Debug|Any CPU
		{2AF4D589-8353-4716-B518-CD6D86B12F71}.Release|Any CPU.ActiveCfg = Release|Any CPU
		{2AF4D589-8353-4716-B518-CD6D86B12F71}.Release|Any CPU.Build.0 = Release|Any CPU
		{216F2A2F-73B7-49B3-85EE-A1B29C45196A}.Debug|Any CPU.ActiveCfg = Debug|Any CPU
		{216F2A2F-73B7-49B3-85EE-A1B29C45196A}.Debug|Any CPU.Build.0 = Debug|Any CPU
		{216F2A2F-73B7-49B3-85EE-A1B29C45196A}.Release|Any CPU.ActiveCfg = Release|Any CPU
		{216F2A2F-73B7-49B3-85EE-A1B29C45196A}.Release|Any CPU.Build.0 = Release|Any CPU
		{31748D6B-30BF-462B-887E-CE11EBB9363B}.Debug|Any CPU.ActiveCfg = Debug|Any CPU
		{31748D6B-30BF-462B-887E-CE11EBB9363B}.Debug|Any CPU.Build.0 = Debug|Any CPU
		{31748D6B-30BF-462B-887E-CE11EBB9363B}.Release|Any CPU.ActiveCfg = Release|Any CPU
		{31748D6B-30BF-462B-887E-CE11EBB9363B}.Release|Any CPU.Build.0 = Release|Any CPU
	EndGlobalSection
	GlobalSection(SolutionProperties) = preSolution
		HideSolutionNode = FALSE
	EndGlobalSection
	GlobalSection(ExtensibilityGlobals) = postSolution
		SolutionGuid = {91B12193-6CB1-4010-8BF8-FDDE1EC71A18}
	EndGlobalSection
EndGlobal
